
Microsoft Visual Studio Solution File, Format Version 12.00
# Visual Studio Version 17
VisualStudioVersion = 17.5.002.0
MinimumVisualStudioVersion = 10.0.40219.1
Project("{9A19103F-16F7-4668-BE54-9A1E7A4F7556}") = "DotnetHomework.Api", "DotnetHomework.Api\DotnetHomework.Api.csproj", "{D4925225-D5AA-4E0E-BE64-C83639202687}"
EndProject
Project("{FAE04EC0-301F-11D3-BF4B-00C04F79EFBC}") = "DotnetHomework.Api.Tests", "DotnetHomework.Api.Tests\DotnetHomework.Api.Tests.csproj", "{8E310FCB-C686-4E7D-A554-870A05D9739D}"
EndProject
Global
	GlobalSection(SolutionConfigurationPlatforms) = preSolution
		Debug|Any CPU = Debug|Any CPU
		Release|Any CPU = Release|Any CPU
	EndGlobalSection
	GlobalSection(ProjectConfigurationPlatforms) = postSolution
		{D4925225-D5AA-4E0E-BE64-C83639202687}.Debug|Any CPU.ActiveCfg = Debug|Any CPU
		{D4925225-D5AA-4E0E-BE64-C83639202687}.Debug|Any CPU.Build.0 = Debug|Any CPU
		{D4925225-D5AA-4E0E-BE64-C83639202687}.Release|Any CPU.ActiveCfg = Release|Any CPU
		{D4925225-D5AA-4E0E-BE64-C83639202687}.Release|Any CPU.Build.0 = Release|Any CPU
		{5ACCB657-8787-4591-BF2E-E86730C07780}.Debug|Any CPU.ActiveCfg = Debug|Any CPU
		{5ACCB657-8787-4591-BF2E-E86730C07780}.Debug|Any CPU.Build.0 = Debug|Any CPU
		{5ACCB657-8787-4591-BF2E-E86730C07780}.Release|Any CPU.ActiveCfg = Release|Any CPU
		{5ACCB657-8787-4591-BF2E-E86730C07780}.Release|Any CPU.Build.0 = Release|Any CPU
		{8E310FCB-C686-4E7D-A554-870A05D9739D}.Debug|Any CPU.ActiveCfg = Debug|Any CPU
		{8E310FCB-C686-4E7D-A554-870A05D9739D}.Debug|Any CPU.Build.0 = Debug|Any CPU
		{8E310FCB-C686-4E7D-A554-870A05D9739D}.Release|Any CPU.ActiveCfg = Release|Any CPU
		{8E310FCB-C686-4E7D-A554-870A05D9739D}.Release|Any CPU.Build.0 = Release|Any CPU
	EndGlobalSection
	GlobalSection(SolutionProperties) = preSolution
		HideSolutionNode = FALSE
	EndGlobalSection
	GlobalSection(ExtensibilityGlobals) = postSolution
		SolutionGuid = {D1CA7A7B-94A1-423D-BA0B-D553169BF062}
	EndGlobalSection
EndGlobal
